
Microsoft Visual Studio Solution File, Format Version 12.00
# Visual Studio Version 17
VisualStudioVersion = 17.0.31903.59
MinimumVisualStudioVersion = 10.0.40219.1
Project("{9A19103F-16F7-4668-BE54-9A1E7A4F7556}") = "WD7UVN_HFT_2023241.Models", "WD7UVN_HFT_2023241.Models\WD7UVN_HFT_2023241.Models.csproj", "{BF8B019B-979F-4612-A126-5886A4C7D4F0}"
EndProject
Project("{9A19103F-16F7-4668-BE54-9A1E7A4F7556}") = "WD7UVN_HFT_2023241.Logic", "WD7UVN_HFT_2023241.Logic\WD7UVN_HFT_2023241.Logic.csproj", "{EEBE5ED0-A0D2-45C2-82F8-E7ECD62BEE8A}"
EndProject
Project("{9A19103F-16F7-4668-BE54-9A1E7A4F7556}") = "WD7UVN_HFT_2023241.Endpoint", "WD7UVN_HFT_2023241.Endpoint\WD7UVN_HFT_2023241.Endpoint.csproj", "{9430B2D2-3137-4DCA-BEFB-7E926D4E3583}"
EndProject
Project("{9A19103F-16F7-4668-BE54-9A1E7A4F7556}") = "WD7UVN_HFT_2023241.Repository", "WD7UVN_HFT_2023241.Repository\WD7UVN_HFT_2023241.Repository.csproj", "{316342CA-7521-4A01-8BDB-5AA76D4DE855}"
EndProject
Project("{9A19103F-16F7-4668-BE54-9A1E7A4F7556}") = "WD7UVN_HFT_2023241.Test", "WD7UVN_HFT_2023241.Test\WD7UVN_HFT_2023241.Test.csproj", "{63F3B585-3E8C-41F5-8D6C-FB59932D0819}"
EndProject
Project("{2150E333-8FDC-42A3-9474-1A3956D46DE8}") = "Backend", "Backend", "{E7A96BA5-BFD6-4265-A90F-880015BEFE07}"
EndProject
Project("{2150E333-8FDC-42A3-9474-1A3956D46DE8}") = "Frontend", "Frontend", "{8FABCF39-D228-4E36-927D-09B4CCF88935}"
EndProject
Project("{2150E333-8FDC-42A3-9474-1A3956D46DE8}") = "Shared", "Shared", "{18D51E10-9339-4A0D-AC44-625FF7A19050}"
EndProject
Project("{9A19103F-16F7-4668-BE54-9A1E7A4F7556}") = "WD7UVN_HFT_2023241.Client.TUI", "WD7UVN_HFT_2023241.Client\TUI\WD7UVN_HFT_2023241.Client.TUI.csproj", "{F68C5B1A-C3B9-4AFC-BBD3-9DCC02A22EA0}"
EndProject
Project("{9A19103F-16F7-4668-BE54-9A1E7A4F7556}") = "WD7UVN_HFT_2023241.Client.Shared", "WD7UVN_HFT_2023241.Client\Shared\WD7UVN_HFT_2023241.Client.Shared.csproj", "{77C8BEDB-0D81-4703-8FBC-B4DCD32584BD}"
EndProject
Project("{FAE04EC0-301F-11D3-BF4B-00C04F79EFBC}") = "WD7UVN_SzTGUI_2023242.Client.WPF", "WD7UVN_SzTGUI_2023242.Client.WPF\WD7UVN_SzTGUI_2023242.Client.WPF.csproj", "{0A994D03-066F-43E7-872E-4D239FC6F764}"
EndProject
Global
	GlobalSection(SolutionConfigurationPlatforms) = preSolution
		Debug|Any CPU = Debug|Any CPU
		Release|Any CPU = Release|Any CPU
	EndGlobalSection
	GlobalSection(ProjectConfigurationPlatforms) = postSolution
		{BF8B019B-979F-4612-A126-5886A4C7D4F0}.Debug|Any CPU.ActiveCfg = Debug|Any CPU
		{BF8B019B-979F-4612-A126-5886A4C7D4F0}.Debug|Any CPU.Build.0 = Debug|Any CPU
		{BF8B019B-979F-4612-A126-5886A4C7D4F0}.Release|Any CPU.ActiveCfg = Release|Any CPU
		{BF8B019B-979F-4612-A126-5886A4C7D4F0}.Release|Any CPU.Build.0 = Release|Any CPU
		{EEBE5ED0-A0D2-45C2-82F8-E7ECD62BEE8A}.Debug|Any CPU.ActiveCfg = Debug|Any CPU
		{EEBE5ED0-A0D2-45C2-82F8-E7ECD62BEE8A}.Debug|Any CPU.Build.0 = Debug|Any CPU
		{EEBE5ED0-A0D2-45C2-82F8-E7ECD62BEE8A}.Release|Any CPU.ActiveCfg = Release|Any CPU
		{EEBE5ED0-A0D2-45C2-82F8-E7ECD62BEE8A}.Release|Any CPU.Build.0 = Release|Any CPU
		{9430B2D2-3137-4DCA-BEFB-7E926D4E3583}.Debug|Any CPU.ActiveCfg = Debug|Any CPU
		{9430B2D2-3137-4DCA-BEFB-7E926D4E3583}.Debug|Any CPU.Build.0 = Debug|Any CPU
		{9430B2D2-3137-4DCA-BEFB-7E926D4E3583}.Release|Any CPU.ActiveCfg = Release|Any CPU
		{9430B2D2-3137-4DCA-BEFB-7E926D4E3583}.Release|Any CPU.Build.0 = Release|Any CPU
		{316342CA-7521-4A01-8BDB-5AA76D4DE855}.Debug|Any CPU.ActiveCfg = Debug|Any CPU
		{316342CA-7521-4A01-8BDB-5AA76D4DE855}.Debug|Any CPU.Build.0 = Debug|Any CPU
		{316342CA-7521-4A01-8BDB-5AA76D4DE855}.Release|Any CPU.ActiveCfg = Release|Any CPU
		{316342CA-7521-4A01-8BDB-5AA76D4DE855}.Release|Any CPU.Build.0 = Release|Any CPU
		{63F3B585-3E8C-41F5-8D6C-FB59932D0819}.Debug|Any CPU.ActiveCfg = Debug|Any CPU
		{63F3B585-3E8C-41F5-8D6C-FB59932D0819}.Debug|Any CPU.Build.0 = Debug|Any CPU
		{63F3B585-3E8C-41F5-8D6C-FB59932D0819}.Release|Any CPU.ActiveCfg = Release|Any CPU
		{63F3B585-3E8C-41F5-8D6C-FB59932D0819}.Release|Any CPU.Build.0 = Release|Any CPU
		{F68C5B1A-C3B9-4AFC-BBD3-9DCC02A22EA0}.Debug|Any CPU.ActiveCfg = Debug|Any CPU
		{F68C5B1A-C3B9-4AFC-BBD3-9DCC02A22EA0}.Debug|Any CPU.Build.0 = Debug|Any CPU
		{F68C5B1A-C3B9-4AFC-BBD3-9DCC02A22EA0}.Release|Any CPU.ActiveCfg = Release|Any CPU
		{F68C5B1A-C3B9-4AFC-BBD3-9DCC02A22EA0}.Release|Any CPU.Build.0 = Release|Any CPU
		{77C8BEDB-0D81-4703-8FBC-B4DCD32584BD}.Debug|Any CPU.ActiveCfg = Debug|Any CPU
		{77C8BEDB-0D81-4703-8FBC-B4DCD32584BD}.Debug|Any CPU.Build.0 = Debug|Any CPU
		{77C8BEDB-0D81-4703-8FBC-B4DCD32584BD}.Release|Any CPU.ActiveCfg = Release|Any CPU
		{77C8BEDB-0D81-4703-8FBC-B4DCD32584BD}.Release|Any CPU.Build.0 = Release|Any CPU
		{0A994D03-066F-43E7-872E-4D239FC6F764}.Debug|Any CPU.ActiveCfg = Debug|Any CPU
		{0A994D03-066F-43E7-872E-4D239FC6F764}.Debug|Any CPU.Build.0 = Debug|Any CPU
		{0A994D03-066F-43E7-872E-4D239FC6F764}.Release|Any CPU.ActiveCfg = Release|Any CPU
		{0A994D03-066F-43E7-872E-4D239FC6F764}.Release|Any CPU.Build.0 = Release|Any CPU
	EndGlobalSection
	GlobalSection(SolutionProperties) = preSolution
		HideSolutionNode = FALSE
	EndGlobalSection
	GlobalSection(NestedProjects) = preSolution
		{BF8B019B-979F-4612-A126-5886A4C7D4F0} = {18D51E10-9339-4A0D-AC44-625FF7A19050}
		{EEBE5ED0-A0D2-45C2-82F8-E7ECD62BEE8A} = {E7A96BA5-BFD6-4265-A90F-880015BEFE07}
		{9430B2D2-3137-4DCA-BEFB-7E926D4E3583} = {E7A96BA5-BFD6-4265-A90F-880015BEFE07}
		{316342CA-7521-4A01-8BDB-5AA76D4DE855} = {E7A96BA5-BFD6-4265-A90F-880015BEFE07}
		{63F3B585-3E8C-41F5-8D6C-FB59932D0819} = {E7A96BA5-BFD6-4265-A90F-880015BEFE07}
		{F68C5B1A-C3B9-4AFC-BBD3-9DCC02A22EA0} = {8FABCF39-D228-4E36-927D-09B4CCF88935}
		{77C8BEDB-0D81-4703-8FBC-B4DCD32584BD} = {8FABCF39-D228-4E36-927D-09B4CCF88935}
		{0A994D03-066F-43E7-872E-4D239FC6F764} = {8FABCF39-D228-4E36-927D-09B4CCF88935}
	EndGlobalSection
	GlobalSection(ExtensibilityGlobals) = postSolution
		SolutionGuid = {B8B81AFF-A1C2-46B5-8CF1-BBA9BAEB756F}
	EndGlobalSection
EndGlobal
